
Microsoft Visual Studio Solution File, Format Version 12.00
Project("{FAE04EC0-301F-11D3-BF4B-00C04F79EFBC}") = "KruBot3", "KruBot3\KruBot3.csproj", "{A75A6D4C-8133-4840-B920-29C1EE1007BA}"
EndProject
Global
	GlobalSection(SolutionConfigurationPlatforms) = preSolution
		Debug|Any CPU = Debug|Any CPU
		Release|Any CPU = Release|Any CPU
	EndGlobalSection
	GlobalSection(ProjectConfigurationPlatforms) = postSolution
		{A75A6D4C-8133-4840-B920-29C1EE1007BA}.Debug|Any CPU.ActiveCfg = Debug|Any CPU
		{A75A6D4C-8133-4840-B920-29C1EE1007BA}.Debug|Any CPU.Build.0 = Debug|Any CPU
		{A75A6D4C-8133-4840-B920-29C1EE1007BA}.Release|Any CPU.ActiveCfg = Release|Any CPU
		{A75A6D4C-8133-4840-B920-29C1EE1007BA}.Release|Any CPU.Build.0 = Release|Any CPU
	EndGlobalSection
EndGlobal
